
Microsoft Visual Studio Solution File, Format Version 12.00
# Visual Studio 14
VisualStudioVersion = 14.0.23107.0
MinimumVisualStudioVersion = 10.0.40219.1
Project("{FAE04EC0-301F-11D3-BF4B-00C04F79EFBC}") = "Wiizard-Mvc5", "Wiizard-Mvc5\Wiizard-Mvc5.csproj", "{747DA734-DD32-43ED-A3D7-2495C544AC8C}"
EndProject
Project("{FAE04EC0-301F-11D3-BF4B-00C04F79EFBC}") = "LanguageFeatures", "LanguageFeatures\LanguageFeatures.csproj", "{42CD072A-2CD9-453D-BDBC-606C8ECAA542}"
EndProject
Project("{FAE04EC0-301F-11D3-BF4B-00C04F79EFBC}") = "EssentialTools", "EssentialTools\EssentialTools.csproj", "{A4D237CF-2AEB-4732-9132-F4843AC6D8E8}"
EndProject
Project("{FAE04EC0-301F-11D3-BF4B-00C04F79EFBC}") = "EssentialTools.Tests", "EssentialTools.Tests\EssentialTools.Tests.csproj", "{8865BFFC-73A4-4AFE-94F7-5FEFD975DD16}"
EndProject
Global
	GlobalSection(SolutionConfigurationPlatforms) = preSolution
		Debug|Any CPU = Debug|Any CPU
		Release|Any CPU = Release|Any CPU
	EndGlobalSection
	GlobalSection(ProjectConfigurationPlatforms) = postSolution
		{747DA734-DD32-43ED-A3D7-2495C544AC8C}.Debug|Any CPU.ActiveCfg = Debug|Any CPU
		{747DA734-DD32-43ED-A3D7-2495C544AC8C}.Debug|Any CPU.Build.0 = Debug|Any CPU
		{747DA734-DD32-43ED-A3D7-2495C544AC8C}.Release|Any CPU.ActiveCfg = Release|Any CPU
		{747DA734-DD32-43ED-A3D7-2495C544AC8C}.Release|Any CPU.Build.0 = Release|Any CPU
		{42CD072A-2CD9-453D-BDBC-606C8ECAA542}.Debug|Any CPU.ActiveCfg = Debug|Any CPU
		{42CD072A-2CD9-453D-BDBC-606C8ECAA542}.Debug|Any CPU.Build.0 = Debug|Any CPU
		{42CD072A-2CD9-453D-BDBC-606C8ECAA542}.Release|Any CPU.ActiveCfg = Release|Any CPU
		{42CD072A-2CD9-453D-BDBC-606C8ECAA542}.Release|Any CPU.Build.0 = Release|Any CPU
		{A4D237CF-2AEB-4732-9132-F4843AC6D8E8}.Debug|Any CPU.ActiveCfg = Debug|Any CPU
		{A4D237CF-2AEB-4732-9132-F4843AC6D8E8}.Debug|Any CPU.Build.0 = Debug|Any CPU
		{A4D237CF-2AEB-4732-9132-F4843AC6D8E8}.Release|Any CPU.ActiveCfg = Release|Any CPU
		{A4D237CF-2AEB-4732-9132-F4843AC6D8E8}.Release|Any CPU.Build.0 = Release|Any CPU
		{8865BFFC-73A4-4AFE-94F7-5FEFD975DD16}.Debug|Any CPU.ActiveCfg = Debug|Any CPU
		{8865BFFC-73A4-4AFE-94F7-5FEFD975DD16}.Debug|Any CPU.Build.0 = Debug|Any CPU
		{8865BFFC-73A4-4AFE-94F7-5FEFD975DD16}.Release|Any CPU.ActiveCfg = Release|Any CPU
		{8865BFFC-73A4-4AFE-94F7-5FEFD975DD16}.Release|Any CPU.Build.0 = Release|Any CPU
	EndGlobalSection
	GlobalSection(SolutionProperties) = preSolution
		HideSolutionNode = FALSE
	EndGlobalSection
EndGlobal
